PODS:
  - ABCustomUINavigationController (1.2.1)
  - ActionSheetPicker-3.0 (2.1.0)
  - AFViewShaker (0.0.2)
  - Alamofire (3.4.1)
  - HexColors (2.2.1)
  - MLPAutoCompleteTextField (1.5)
  - Toast (3.0)
  - TSMessages (0.9.12):
    - HexColors (~> 2.2.0)

DEPENDENCIES:
  - ABCustomUINavigationController
  - ActionSheetPicker-3.0
  - AFViewShaker (~> 0.0.2)
  - Alamofire (~> 3.4)
  - MLPAutoCompleteTextField
  - Toast (~> 3.0)
  - TSMessages

SPEC CHECKSUMS:
  ABCustomUINavigationController: 6069af1d9e6c6d96896199f416b17850f921dfd9
  ActionSheetPicker-3.0: db66605feb85689279d328206c61f0e4f398df92
  AFViewShaker: 7e4bc215ca3e92347b78da436fca74e1730b52e8
  Alamofire: 01a82e2f6c0f860ade35534c8dd88be61bdef40c
  HexColors: abfd172e329dab59888614ccba6f216cec59289d
  MLPAutoCompleteTextField: ba4d507bbff2bd4f139d4197814fc8dd39caf77e
  Toast: 32c59229abfcf41850162b83bb9259dc84372473
  TSMessages: c8cc7b80f2a833af533872cd02010cac061532cc

COCOAPODS: 0.39.0
